
Microsoft Visual Studio Solution File, Format Version 12.00
# Visual Studio Version 16
VisualStudioVersion = 16.0.31729.503
MinimumVisualStudioVersion = 10.0.40219.1
Project("{FAE04EC0-301F-11D3-BF4B-00C04F79EFBC}") = "ScheduleTrain", "ScheduleTrain\ScheduleTrain.csproj", "{29D6738F-7D44-44D0-8D0E-D63E344CE1D8}"
EndProject
Global
	GlobalSection(SolutionConfigurationPlatforms) = preSolution
		Debug|Any CPU = Debug|Any CPU
		Release|Any CPU = Release|Any CPU
	EndGlobalSection
	GlobalSection(ProjectConfigurationPlatforms) = postSolution
		{29D6738F-7D44-44D0-8D0E-D63E344CE1D8}.Debug|Any CPU.ActiveCfg = Debug|Any CPU
		{29D6738F-7D44-44D0-8D0E-D63E344CE1D8}.Debug|Any CPU.Build.0 = Debug|Any CPU
		{29D6738F-7D44-44D0-8D0E-D63E344CE1D8}.Release|Any CPU.ActiveCfg = Release|Any CPU
		{29D6738F-7D44-44D0-8D0E-D63E344CE1D8}.Release|Any CPU.Build.0 = Release|Any CPU
	EndGlobalSection
	GlobalSection(SolutionProperties) = preSolution
		HideSolutionNode = FALSE
	EndGlobalSection
	GlobalSection(ExtensibilityGlobals) = postSolution
		SolutionGuid = {04D37184-81BD-4DF0-927E-7D41AC266DC7}
	EndGlobalSection
EndGlobal
